Microsoft Visual Studio Solution File, Format Version 12.00
# Visual Studio Version 17
VisualStudioVersion = 17.8.34330.188
MinimumVisualStudioVersion = 10.0.40219.1
Project("{FAE04EC0-301F-11D3-BF4B-00C04F79EFBC}") = "Marshal.Core", "src\Marshal.Core\Marshal.Core.csproj", "{2B0C6A11-9C2E-4E3E-9E8A-1A4F0D2C7A01}"
EndProject
Project("{FAE04EC0-301F-11D3-BF4B-00C04F79EFBC}") = "Marshal.Abstractions", "src\Marshal.Abstractions\Marshal.Abstractions.csproj", "{7F1B2C33-4D5E-4A6B-8C9D-0E1F2A3B4C5D}"
EndProject
Global
	GlobalSection(SolutionConfigurationPlatforms) = preSolution
		Debug|Any CPU = Debug|Any CPU
		Release|Any CPU = Release|Any CPU
	EndGlobalSection
EndGlobal
